
Microsoft Visual Studio Solution File, Format Version 12.00
# Visual Studio Version 17
VisualStudioVersion = 17.0.31903.59
MinimumVisualStudioVersion = 10.0.40219.1
Project("{FAE04EC0-301F-11D3-BF4B-00C04F79EFBC}") = "timerjob", "timerjob\timerjob.csproj", "{D32C7849-D81C-4C94-A3BB-081D956D859D}"
EndProject
Project("{FAE04EC0-301F-11D3-BF4B-00C04F79EFBC}") = "landingpage", "landingpage\landingpage.csproj", "{E2E41769-C576-4141-80BC-5D7D9014DA41}"
EndProject
Global
	GlobalSection(SolutionConfigurationPlatforms) = preSolution
		Debug|Any CPU = Debug|Any CPU
		Release|Any CPU = Release|Any CPU
	EndGlobalSection
	GlobalSection(SolutionProperties) = preSolution
		HideSolutionNode = FALSE
	EndGlobalSection
	GlobalSection(ProjectConfigurationPlatforms) = postSolution
		{D32C7849-D81C-4C94-A3BB-081D956D859D}.Debug|Any CPU.ActiveCfg = Debug|Any CPU
		{D32C7849-D81C-4C94-A3BB-081D956D859D}.Debug|Any CPU.Build.0 = Debug|Any CPU
		{D32C7849-D81C-4C94-A3BB-081D956D859D}.Release|Any CPU.ActiveCfg = Release|Any CPU
		{D32C7849-D81C-4C94-A3BB-081D956D859D}.Release|Any CPU.Build.0 = Release|Any CPU
		{E2E41769-C576-4141-80BC-5D7D9014DA41}.Debug|Any CPU.ActiveCfg = Debug|Any CPU
		{E2E41769-C576-4141-80BC-5D7D9014DA41}.Debug|Any CPU.Build.0 = Debug|Any CPU
		{E2E41769-C576-4141-80BC-5D7D9014DA41}.Release|Any CPU.ActiveCfg = Release|Any CPU
		{E2E41769-C576-4141-80BC-5D7D9014DA41}.Release|Any CPU.Build.0 = Release|Any CPU
	EndGlobalSection
EndGlobal
